
Microsoft Visual Studio Solution File, Format Version 12.00
# Visual Studio Version 16
VisualStudioVersion = 16.0.31515.178
MinimumVisualStudioVersion = 10.0.40219.1
Project("{FAE04EC0-301F-11D3-BF4B-00C04F79EFBC}") = "StockExchange", "StockExchange.csproj", "{B24F73D5-869C-4A76-BFA4-E3CD8634F649}"
EndProject
Project("{FAE04EC0-301F-11D3-BF4B-00C04F79EFBC}") = "StockClientApp", "..\StockClientApp\StockClientApp.csproj", "{C8230BB7-18BC-4E95-85AD-F9207FCAAB1D}"
EndProject
Global
	GlobalSection(SolutionConfigurationPlatforms) = preSolution
		Debug|Any CPU = Debug|Any CPU
		Release|Any CPU = Release|Any CPU
	EndGlobalSection
	GlobalSection(ProjectConfigurationPlatforms) = postSolution
		{B24F73D5-869C-4A76-BFA4-E3CD8634F649}.Debug|Any CPU.ActiveCfg = Debug|Any CPU
		{B24F73D5-869C-4A76-BFA4-E3CD8634F649}.Debug|Any CPU.Build.0 = Debug|Any CPU
		{B24F73D5-869C-4A76-BFA4-E3CD8634F649}.Release|Any CPU.ActiveCfg = Release|Any CPU
		{B24F73D5-869C-4A76-BFA4-E3CD8634F649}.Release|Any CPU.Build.0 = Release|Any CPU
		{C8230BB7-18BC-4E95-85AD-F9207FCAAB1D}.Debug|Any CPU.ActiveCfg = Debug|Any CPU
		{C8230BB7-18BC-4E95-85AD-F9207FCAAB1D}.Debug|Any CPU.Build.0 = Debug|Any CPU
		{C8230BB7-18BC-4E95-85AD-F9207FCAAB1D}.Release|Any CPU.ActiveCfg = Release|Any CPU
		{C8230BB7-18BC-4E95-85AD-F9207FCAAB1D}.Release|Any CPU.Build.0 = Release|Any CPU
	EndGlobalSection
	GlobalSection(SolutionProperties) = preSolution
		HideSolutionNode = FALSE
	EndGlobalSection
	GlobalSection(ExtensibilityGlobals) = postSolution
		SolutionGuid = {89EE338E-8316-4BC4-BD47-3397A9948B3F}
	EndGlobalSection
EndGlobal
